
Microsoft Visual Studio Solution File, Format Version 12.00
# Visual Studio 15
VisualStudioVersion = 15.0.26730.12
MinimumVisualStudioVersion = 10.0.40219.1
Project("{9A19103F-16F7-4668-BE54-9A1E7A4F7556}") = "HalloDelegates", "HalloDelegates\HalloDelegates.csproj", "{8788EFA1-E677-45B3-A509-16DDAD882365}"
EndProject
Project("{9A19103F-16F7-4668-BE54-9A1E7A4F7556}") = "DelegatesInPraxis", "DelegatesInPraxis\DelegatesInPraxis.csproj", "{78558265-3D66-4E77-9763-011BF37153CF}"
EndProject
Project("{9A19103F-16F7-4668-BE54-9A1E7A4F7556}") = "SingeltonExample", "SingeltonExample\SingeltonExample.csproj", "{C66E19A7-D9AE-41D8-8BD2-EEA226FF8F0A}"
EndProject
Project("{9A19103F-16F7-4668-BE54-9A1E7A4F7556}") = "BuilderExample", "BuilderExample\BuilderExample.csproj", "{51712DCD-92A3-44BF-A0CC-5BDDEA033F2B}"
EndProject
Project("{9A19103F-16F7-4668-BE54-9A1E7A4F7556}") = "CompositeExample", "CompositeExample\CompositeExample.csproj", "{BA661751-4D18-4149-8899-965C896BCD7D}"
EndProject
Project("{9A19103F-16F7-4668-BE54-9A1E7A4F7556}") = "DecoratorExample", "DecoratorExample\DecoratorExample.csproj", "{233D0789-142D-4278-8564-DACE6FC719EE}"
EndProject
Project("{FAE04EC0-301F-11D3-BF4B-00C04F79EFBC}") = "TemplateMethod", "TemplateMethod\TemplateMethod.csproj", "{468DA25F-D83A-4FE9-BE13-C497A4A61FE2}"
EndProject
Project("{FAE04EC0-301F-11D3-BF4B-00C04F79EFBC}") = "HalloWPF", "HalloWPF\HalloWPF.csproj", "{E7147DD4-1ECB-4FE8-B565-BCBF9880E609}"
EndProject
Global
	GlobalSection(SolutionConfigurationPlatforms) = preSolution
		Debug|Any CPU = Debug|Any CPU
		Release|Any CPU = Release|Any CPU
	EndGlobalSection
	GlobalSection(ProjectConfigurationPlatforms) = postSolution
		{8788EFA1-E677-45B3-A509-16DDAD882365}.Debug|Any CPU.ActiveCfg = Debug|Any CPU
		{8788EFA1-E677-45B3-A509-16DDAD882365}.Debug|Any CPU.Build.0 = Debug|Any CPU
		{8788EFA1-E677-45B3-A509-16DDAD882365}.Release|Any CPU.ActiveCfg = Release|Any CPU
		{8788EFA1-E677-45B3-A509-16DDAD882365}.Release|Any CPU.Build.0 = Release|Any CPU
		{78558265-3D66-4E77-9763-011BF37153CF}.Debug|Any CPU.ActiveCfg = Debug|Any CPU
		{78558265-3D66-4E77-9763-011BF37153CF}.Debug|Any CPU.Build.0 = Debug|Any CPU
		{78558265-3D66-4E77-9763-011BF37153CF}.Release|Any CPU.ActiveCfg = Release|Any CPU
		{78558265-3D66-4E77-9763-011BF37153CF}.Release|Any CPU.Build.0 = Release|Any CPU
		{C66E19A7-D9AE-41D8-8BD2-EEA226FF8F0A}.Debug|Any CPU.ActiveCfg = Debug|Any CPU
		{C66E19A7-D9AE-41D8-8BD2-EEA226FF8F0A}.Debug|Any CPU.Build.0 = Debug|Any CPU
		{C66E19A7-D9AE-41D8-8BD2-EEA226FF8F0A}.Release|Any CPU.ActiveCfg = Release|Any CPU
		{C66E19A7-D9AE-41D8-8BD2-EEA226FF8F0A}.Release|Any CPU.Build.0 = Release|Any CPU
		{51712DCD-92A3-44BF-A0CC-5BDDEA033F2B}.Debug|Any CPU.ActiveCfg = Debug|Any CPU
		{51712DCD-92A3-44BF-A0CC-5BDDEA033F2B}.Debug|Any CPU.Build.0 = Debug|Any CPU
		{51712DCD-92A3-44BF-A0CC-5BDDEA033F2B}.Release|Any CPU.ActiveCfg = Release|Any CPU
		{51712DCD-92A3-44BF-A0CC-5BDDEA033F2B}.Release|Any CPU.Build.0 = Release|Any CPU
		{BA661751-4D18-4149-8899-965C896BCD7D}.Debug|Any CPU.ActiveCfg = Debug|Any CPU
		{BA661751-4D18-4149-8899-965C896BCD7D}.Debug|Any CPU.Build.0 = Debug|Any CPU
		{BA661751-4D18-4149-8899-965C896BCD7D}.Release|Any CPU.ActiveCfg = Release|Any CPU
		{BA661751-4D18-4149-8899-965C896BCD7D}.Release|Any CPU.Build.0 = Release|Any CPU
		{233D0789-142D-4278-8564-DACE6FC719EE}.Debug|Any CPU.ActiveCfg = Debug|Any CPU
		{233D0789-142D-4278-8564-DACE6FC719EE}.Debug|Any CPU.Build.0 = Debug|Any CPU
		{233D0789-142D-4278-8564-DACE6FC719EE}.Release|Any CPU.ActiveCfg = Release|Any CPU
		{233D0789-142D-4278-8564-DACE6FC719EE}.Release|Any CPU.Build.0 = Release|Any CPU
		{468DA25F-D83A-4FE9-BE13-C497A4A61FE2}.Debug|Any CPU.ActiveCfg = Debug|Any CPU
		{468DA25F-D83A-4FE9-BE13-C497A4A61FE2}.Debug|Any CPU.Build.0 = Debug|Any CPU
		{468DA25F-D83A-4FE9-BE13-C497A4A61FE2}.Release|Any CPU.ActiveCfg = Release|Any CPU
		{468DA25F-D83A-4FE9-BE13-C497A4A61FE2}.Release|Any CPU.Build.0 = Release|Any CPU
		{E7147DD4-1ECB-4FE8-B565-BCBF9880E609}.Debug|Any CPU.ActiveCfg = Debug|Any CPU
		{E7147DD4-1ECB-4FE8-B565-BCBF9880E609}.Debug|Any CPU.Build.0 = Debug|Any CPU
		{E7147DD4-1ECB-4FE8-B565-BCBF9880E609}.Release|Any CPU.ActiveCfg = Release|Any CPU
		{E7147DD4-1ECB-4FE8-B565-BCBF9880E609}.Release|Any CPU.Build.0 = Release|Any CPU
	EndGlobalSection
	GlobalSection(SolutionProperties) = preSolution
		HideSolutionNode = FALSE
	EndGlobalSection
	GlobalSection(ExtensibilityGlobals) = postSolution
		SolutionGuid = {1E309CAF-24E1-452B-9D5E-D9713B042174}
	EndGlobalSection
EndGlobal
